
Microsoft Visual Studio Solution File, Format Version 12.00
# Visual Studio Version 17
VisualStudioVersion = 17.0.31903.59
MinimumVisualStudioVersion = 10.0.40219.1
Project("{FAE04EC0-301F-11D3-BF4B-00C04F79EFBC}") = "GraphQlDemoPostgresQl", "GraphQlDemoPostgresQl\GraphQlDemoPostgresQl.csproj", "{E32DC9CE-45C1-4767-B31F-D8E3CAB04141}"
EndProject
Project("{2150E333-8FDC-42A3-9474-1A3956D46DE8}") = "Abstractions", "Abstractions", "{67BFE618-E232-7DE5-34A1-02EE902F7C19}"
EndProject
Project("{FAE04EC0-301F-11D3-BF4B-00C04F79EFBC}") = "GraphQlDemoPostgresQl.Abstractions", "Abstractions\GraphQlDemoPostgresQl.Abstractions\GraphQlDemoPostgresQl.Abstractions.csproj", "{06D958D9-8564-4CA2-9D2F-2AE58EDF0662}"
EndProject
Project("{2150E333-8FDC-42A3-9474-1A3956D46DE8}") = "Core", "Core", "{FBF56CC3-7AE6-AD2D-3F14-7F97FD322CD6}"
EndProject
Project("{2150E333-8FDC-42A3-9474-1A3956D46DE8}") = "Database", "Database", "{E0096E63-5207-411F-2649-837654E3C58A}"
EndProject
Project("{FAE04EC0-301F-11D3-BF4B-00C04F79EFBC}") = "GraphQlDemoPostgresQl.Core", "Core\GraphQlDemoPostgresQl.Core\GraphQlDemoPostgresQl.Core.csproj", "{DE7FB807-5CF5-41CB-9DA2-AEE28C007823}"
EndProject
Project("{FAE04EC0-301F-11D3-BF4B-00C04F79EFBC}") = "GraphQlDemoPostgresQl.Database", "Database\GraphQlDemoPostgresQl.Database\GraphQlDemoPostgresQl.Database.csproj", "{2B16966D-F636-4FDF-907C-732F4439AC85}"
EndProject
Project("{2150E333-8FDC-42A3-9474-1A3956D46DE8}") = "Common", "Common", "{881589EE-639B-0A35-DBCE-5D94E4FC90C0}"
EndProject
Project("{FAE04EC0-301F-11D3-BF4B-00C04F79EFBC}") = "GraphQlDemoPostgresQl.Common", "Common\GraphQlDemoPostgresQl.Common\GraphQlDemoPostgresQl.Common.csproj", "{65D81DD3-EE8D-4566-9A75-A4C82B26D329}"
EndProject
Project("{2150E333-8FDC-42A3-9474-1A3956D46DE8}") = "ApiModels", "ApiModels", "{793CF00F-5F65-6C21-7584-126562EF1BE9}"
EndProject
Project("{FAE04EC0-301F-11D3-BF4B-00C04F79EFBC}") = "GraphQlDemoPostgresQl.ApiModels", "ApiModels\GraphQlDemoPostgresQl.ApiModels\GraphQlDemoPostgresQl.ApiModels.csproj", "{8D0F8C8C-15A5-40DA-8C22-DBCBDDE5326D}"
EndProject
Project("{2150E333-8FDC-42A3-9474-1A3956D46DE8}") = "DatabaseModels", "DatabaseModels", "{A5ACC84A-F291-BE42-A904-42347BF05559}"
EndProject
Project("{FAE04EC0-301F-11D3-BF4B-00C04F79EFBC}") = "GraphQlDemoPostgresQl.DatabaseModels", "DatabaseModels\GraphQlDemoPostgresQl.DatabaseModels\GraphQlDemoPostgresQl.DatabaseModels.csproj", "{8CA9ABDF-319E-43E1-8F34-681A219C7514}"
EndProject
Project("{2150E333-8FDC-42A3-9474-1A3956D46DE8}") = "RabbitMqConsumer", "RabbitMqConsumer", "{8BBC191C-2844-76BB-1A74-E3A1523FD0AF}"
EndProject
Project("{FAE04EC0-301F-11D3-BF4B-00C04F79EFBC}") = "CutomerConsumer", "RabbitMqConsumer\CutomerConsumer\CutomerConsumer.csproj", "{C4423582-529E-4928-A54F-90B31C3617AF}"
EndProject
Global
	GlobalSection(SolutionConfigurationPlatforms) = preSolution
		Debug|Any CPU = Debug|Any CPU
		Debug|x64 = Debug|x64
		Debug|x86 = Debug|x86
		Release|Any CPU = Release|Any CPU
		Release|x64 = Release|x64
		Release|x86 = Release|x86
	EndGlobalSection
	GlobalSection(ProjectConfigurationPlatforms) = postSolution
		{E32DC9CE-45C1-4767-B31F-D8E3CAB04141}.Debug|Any CPU.ActiveCfg = Debug|Any CPU
		{E32DC9CE-45C1-4767-B31F-D8E3CAB04141}.Debug|Any CPU.Build.0 = Debug|Any CPU
		{E32DC9CE-45C1-4767-B31F-D8E3CAB04141}.Debug|x64.ActiveCfg = Debug|Any CPU
		{E32DC9CE-45C1-4767-B31F-D8E3CAB04141}.Debug|x64.Build.0 = Debug|Any CPU
		{E32DC9CE-45C1-4767-B31F-D8E3CAB04141}.Debug|x86.ActiveCfg = Debug|Any CPU
		{E32DC9CE-45C1-4767-B31F-D8E3CAB04141}.Debug|x86.Build.0 = Debug|Any CPU
		{E32DC9CE-45C1-4767-B31F-D8E3CAB04141}.Release|Any CPU.ActiveCfg = Release|Any CPU
		{E32DC9CE-45C1-4767-B31F-D8E3CAB04141}.Release|Any CPU.Build.0 = Release|Any CPU
		{E32DC9CE-45C1-4767-B31F-D8E3CAB04141}.Release|x64.ActiveCfg = Release|Any CPU
		{E32DC9CE-45C1-4767-B31F-D8E3CAB04141}.Release|x64.Build.0 = Release|Any CPU
		{E32DC9CE-45C1-4767-B31F-D8E3CAB04141}.Release|x86.ActiveCfg = Release|Any CPU
		{E32DC9CE-45C1-4767-B31F-D8E3CAB04141}.Release|x86.Build.0 = Release|Any CPU
		{06D958D9-8564-4CA2-9D2F-2AE58EDF0662}.Debug|Any CPU.ActiveCfg = Debug|Any CPU
		{06D958D9-8564-4CA2-9D2F-2AE58EDF0662}.Debug|Any CPU.Build.0 = Debug|Any CPU
		{06D958D9-8564-4CA2-9D2F-2AE58EDF0662}.Debug|x64.ActiveCfg = Debug|Any CPU
		{06D958D9-8564-4CA2-9D2F-2AE58EDF0662}.Debug|x64.Build.0 = Debug|Any CPU
		{06D958D9-8564-4CA2-9D2F-2AE58EDF0662}.Debug|x86.ActiveCfg = Debug|Any CPU
		{06D958D9-8564-4CA2-9D2F-2AE58EDF0662}.Debug|x86.Build.0 = Debug|Any CPU
		{06D958D9-8564-4CA2-9D2F-2AE58EDF0662}.Release|Any CPU.ActiveCfg = Release|Any CPU
		{06D958D9-8564-4CA2-9D2F-2AE58EDF0662}.Release|Any CPU.Build.0 = Release|Any CPU
		{06D958D9-8564-4CA2-9D2F-2AE58EDF0662}.Release|x64.ActiveCfg = Release|Any CPU
		{06D958D9-8564-4CA2-9D2F-2AE58EDF0662}.Release|x64.Build.0 = Release|Any CPU
		{06D958D9-8564-4CA2-9D2F-2AE58EDF0662}.Release|x86.ActiveCfg = Release|Any CPU
		{06D958D9-8564-4CA2-9D2F-2AE58EDF0662}.Release|x86.Build.0 = Release|Any CPU
		{DE7FB807-5CF5-41CB-9DA2-AEE28C007823}.Debug|Any CPU.ActiveCfg = Debug|Any CPU
		{DE7FB807-5CF5-41CB-9DA2-AEE28C007823}.Debug|Any CPU.Build.0 = Debug|Any CPU
		{DE7FB807-5CF5-41CB-9DA2-AEE28C007823}.Debug|x64.ActiveCfg = Debug|Any CPU
		{DE7FB807-5CF5-41CB-9DA2-AEE28C007823}.Debug|x64.Build.0 = Debug|Any CPU
		{DE7FB807-5CF5-41CB-9DA2-AEE28C007823}.Debug|x86.ActiveCfg = Debug|Any CPU
		{DE7FB807-5CF5-41CB-9DA2-AEE28C007823}.Debug|x86.Build.0 = Debug|Any CPU
		{DE7FB807-5CF5-41CB-9DA2-AEE28C007823}.Release|Any CPU.ActiveCfg = Release|Any CPU
		{DE7FB807-5CF5-41CB-9DA2-AEE28C007823}.Release|Any CPU.Build.0 = Release|Any CPU
		{DE7FB807-5CF5-41CB-9DA2-AEE28C007823}.Release|x64.ActiveCfg = Release|Any CPU
		{DE7FB807-5CF5-41CB-9DA2-AEE28C007823}.Release|x64.Build.0 = Release|Any CPU
		{DE7FB807-5CF5-41CB-9DA2-AEE28C007823}.Release|x86.ActiveCfg = Release|Any CPU
		{DE7FB807-5CF5-41CB-9DA2-AEE28C007823}.Release|x86.Build.0 = Release|Any CPU
		{2B16966D-F636-4FDF-907C-732F4439AC85}.Debug|Any CPU.ActiveCfg = Debug|Any CPU
		{2B16966D-F636-4FDF-907C-732F4439AC85}.Debug|Any CPU.Build.0 = Debug|Any CPU
		{2B16966D-F636-4FDF-907C-732F4439AC85}.Debug|x64.ActiveCfg = Debug|Any CPU
		{2B16966D-F636-4FDF-907C-732F4439AC85}.Debug|x64.Build.0 = Debug|Any CPU
		{2B16966D-F636-4FDF-907C-732F4439AC85}.Debug|x86.ActiveCfg = Debug|Any CPU
		{2B16966D-F636-4FDF-907C-732F4439AC85}.Debug|x86.Build.0 = Debug|Any CPU
		{2B16966D-F636-4FDF-907C-732F4439AC85}.Release|Any CPU.ActiveCfg = Release|Any CPU
		{2B16966D-F636-4FDF-907C-732F4439AC85}.Release|Any CPU.Build.0 = Release|Any CPU
		{2B16966D-F636-4FDF-907C-732F4439AC85}.Release|x64.ActiveCfg = Release|Any CPU
		{2B16966D-F636-4FDF-907C-732F4439AC85}.Release|x64.Build.0 = Release|Any CPU
		{2B16966D-F636-4FDF-907C-732F4439AC85}.Release|x86.ActiveCfg = Release|Any CPU
		{2B16966D-F636-4FDF-907C-732F4439AC85}.Release|x86.Build.0 = Release|Any CPU
		{65D81DD3-EE8D-4566-9A75-A4C82B26D329}.Debug|Any CPU.ActiveCfg = Debug|Any CPU
		{65D81DD3-EE8D-4566-9A75-A4C82B26D329}.Debug|Any CPU.Build.0 = Debug|Any CPU
		{65D81DD3-EE8D-4566-9A75-A4C82B26D329}.Debug|x64.ActiveCfg = Debug|Any CPU
		{65D81DD3-EE8D-4566-9A75-A4C82B26D329}.Debug|x64.Build.0 = Debug|Any CPU
		{65D81DD3-EE8D-4566-9A75-A4C82B26D329}.Debug|x86.ActiveCfg = Debug|Any CPU
		{65D81DD3-EE8D-4566-9A75-A4C82B26D329}.Debug|x86.Build.0 = Debug|Any CPU
		{65D81DD3-EE8D-4566-9A75-A4C82B26D329}.Release|Any CPU.ActiveCfg = Release|Any CPU
		{65D81DD3-EE8D-4566-9A75-A4C82B26D329}.Release|Any CPU.Build.0 = Release|Any CPU
		{65D81DD3-EE8D-4566-9A75-A4C82B26D329}.Release|x64.ActiveCfg = Release|Any CPU
		{65D81DD3-EE8D-4566-9A75-A4C82B26D329}.Release|x64.Build.0 = Release|Any CPU
		{65D81DD3-EE8D-4566-9A75-A4C82B26D329}.Release|x86.ActiveCfg = Release|Any CPU
		{65D81DD3-EE8D-4566-9A75-A4C82B26D329}.Release|x86.Build.0 = Release|Any CPU
		{8D0F8C8C-15A5-40DA-8C22-DBCBDDE5326D}.Debug|Any CPU.ActiveCfg = Debug|Any CPU
		{8D0F8C8C-15A5-40DA-8C22-DBCBDDE5326D}.Debug|Any CPU.Build.0 = Debug|Any CPU
		{8D0F8C8C-15A5-40DA-8C22-DBCBDDE5326D}.Debug|x64.ActiveCfg = Debug|Any CPU
		{8D0F8C8C-15A5-40DA-8C22-DBCBDDE5326D}.Debug|x64.Build.0 = Debug|Any CPU
		{8D0F8C8C-15A5-40DA-8C22-DBCBDDE5326D}.Debug|x86.ActiveCfg = Debug|Any CPU
		{8D0F8C8C-15A5-40DA-8C22-DBCBDDE5326D}.Debug|x86.Build.0 = Debug|Any CPU
		{8D0F8C8C-15A5-40DA-8C22-DBCBDDE5326D}.Release|Any CPU.ActiveCfg = Release|Any CPU
		{8D0F8C8C-15A5-40DA-8C22-DBCBDDE5326D}.Release|Any CPU.Build.0 = Release|Any CPU
		{8D0F8C8C-15A5-40DA-8C22-DBCBDDE5326D}.Release|x64.ActiveCfg = Release|Any CPU
		{8D0F8C8C-15A5-40DA-8C22-DBCBDDE5326D}.Release|x64.Build.0 = Release|Any CPU
		{8D0F8C8C-15A5-40DA-8C22-DBCBDDE5326D}.Release|x86.ActiveCfg = Release|Any CPU
		{8D0F8C8C-15A5-40DA-8C22-DBCBDDE5326D}.Release|x86.Build.0 = Release|Any CPU
		{8CA9ABDF-319E-43E1-8F34-681A219C7514}.Debug|Any CPU.ActiveCfg = Debug|Any CPU
		{8CA9ABDF-319E-43E1-8F34-681A219C7514}.Debug|Any CPU.Build.0 = Debug|Any CPU
		{8CA9ABDF-319E-43E1-8F34-681A219C7514}.Debug|x64.ActiveCfg = Debug|Any CPU
		{8CA9ABDF-319E-43E1-8F34-681A219C7514}.Debug|x64.Build.0 = Debug|Any CPU
		{8CA9ABDF-319E-43E1-8F34-681A219C7514}.Debug|x86.ActiveCfg = Debug|Any CPU
		{8CA9ABDF-319E-43E1-8F34-681A219C7514}.Debug|x86.Build.0 = Debug|Any CPU
		{8CA9ABDF-319E-43E1-8F34-681A219C7514}.Release|Any CPU.ActiveCfg = Release|Any CPU
		{8CA9ABDF-319E-43E1-8F34-681A219C7514}.Release|Any CPU.Build.0 = Release|Any CPU
		{8CA9ABDF-319E-43E1-8F34-681A219C7514}.Release|x64.ActiveCfg = Release|Any CPU
		{8CA9ABDF-319E-43E1-8F34-681A219C7514}.Release|x64.Build.0 = Release|Any CPU
		{8CA9ABDF-319E-43E1-8F34-681A219C7514}.Release|x86.ActiveCfg = Release|Any CPU
		{8CA9ABDF-319E-43E1-8F34-681A219C7514}.Release|x86.Build.0 = Release|Any CPU
		{C4423582-529E-4928-A54F-90B31C3617AF}.Debug|Any CPU.ActiveCfg = Debug|Any CPU
		{C4423582-529E-4928-A54F-90B31C3617AF}.Debug|Any CPU.Build.0 = Debug|Any CPU
		{C4423582-529E-4928-A54F-90B31C3617AF}.Debug|x64.ActiveCfg = Debug|Any CPU
		{C4423582-529E-4928-A54F-90B31C3617AF}.Debug|x64.Build.0 = Debug|Any CPU
		{C4423582-529E-4928-A54F-90B31C3617AF}.Debug|x86.ActiveCfg = Debug|Any CPU
		{C4423582-529E-4928-A54F-90B31C3617AF}.Debug|x86.Build.0 = Debug|Any CPU
		{C4423582-529E-4928-A54F-90B31C3617AF}.Release|Any CPU.ActiveCfg = Release|Any CPU
		{C4423582-529E-4928-A54F-90B31C3617AF}.Release|Any CPU.Build.0 = Release|Any CPU
		{C4423582-529E-4928-A54F-90B31C3617AF}.Release|x64.ActiveCfg = Release|Any CPU
		{C4423582-529E-4928-A54F-90B31C3617AF}.Release|x64.Build.0 = Release|Any CPU
		{C4423582-529E-4928-A54F-90B31C3617AF}.Release|x86.ActiveCfg = Release|Any CPU
		{C4423582-529E-4928-A54F-90B31C3617AF}.Release|x86.Build.0 = Release|Any CPU
	EndGlobalSection
	GlobalSection(SolutionProperties) = preSolution
		HideSolutionNode = FALSE
	EndGlobalSection
	GlobalSection(NestedProjects) = preSolution
		{06D958D9-8564-4CA2-9D2F-2AE58EDF0662} = {67BFE618-E232-7DE5-34A1-02EE902F7C19}
		{DE7FB807-5CF5-41CB-9DA2-AEE28C007823} = {FBF56CC3-7AE6-AD2D-3F14-7F97FD322CD6}
		{2B16966D-F636-4FDF-907C-732F4439AC85} = {E0096E63-5207-411F-2649-837654E3C58A}
		{65D81DD3-EE8D-4566-9A75-A4C82B26D329} = {881589EE-639B-0A35-DBCE-5D94E4FC90C0}
		{8D0F8C8C-15A5-40DA-8C22-DBCBDDE5326D} = {793CF00F-5F65-6C21-7584-126562EF1BE9}
		{8CA9ABDF-319E-43E1-8F34-681A219C7514} = {A5ACC84A-F291-BE42-A904-42347BF05559}
		{C4423582-529E-4928-A54F-90B31C3617AF} = {8BBC191C-2844-76BB-1A74-E3A1523FD0AF}
	EndGlobalSection
EndGlobal
